
Microsoft Visual Studio Solution File, Format Version 12.00
# Visual Studio Version 17
VisualStudioVersion = 17.13.35818.85 d17.13
MinimumVisualStudioVersion = 10.0.40219.1
Project("{FAE04EC0-301F-11D3-BF4B-00C04F79EFBC}") = "InventoryApi", "InventoryApi.csproj", "{43AD6712-F88D-42EF-BDEF-9B46B15A2C26}"
EndProject
Global
	GlobalSection(SolutionConfigurationPlatforms) = preSolution
		Debug|Any CPU = Debug|Any CPU
		Release|Any CPU = Release|Any CPU
	EndGlobalSection
	GlobalSection(ProjectConfigurationPlatforms) = postSolution
		{43AD6712-F88D-42EF-BDEF-9B46B15A2C26}.Debug|Any CPU.ActiveCfg = Debug|Any CPU
		{43AD6712-F88D-42EF-BDEF-9B46B15A2C26}.Debug|Any CPU.Build.0 = Debug|Any CPU
		{43AD6712-F88D-42EF-BDEF-9B46B15A2C26}.Release|Any CPU.ActiveCfg = Release|Any CPU
		{43AD6712-F88D-42EF-BDEF-9B46B15A2C26}.Release|Any CPU.Build.0 = Release|Any CPU
	EndGlobalSection
	GlobalSection(SolutionProperties) = preSolution
		HideSolutionNode = FALSE
	EndGlobalSection
	GlobalSection(ExtensibilityGlobals) = postSolution
		SolutionGuid = {BBD123AB-F391-4633-863A-DDEF5B0D3BF8}
	EndGlobalSection
EndGlobal
